
Microsoft Visual Studio Solution File, Format Version 12.00
# Visual Studio Version 17
VisualStudioVersion = 17.10.35004.147
MinimumVisualStudioVersion = 10.0.40219.1
Project("{9A19103F-16F7-4668-BE54-9A1E7A4F7556}") = "WindowsDebugOutputViewer", "src\WindowsDebugOutputViewer.csproj", "{983275FD-2FCA-4A2B-8542-770A0889FF87}"
EndProject
Project("{2150E333-8FDC-42A3-9474-1A3956D46DE8}") = "FIles", "FIles", "{2BAD5341-B32F-4F89-BF2B-CD5D237A74EA}"
	ProjectSection(SolutionItems) = preProject
		.gitattributes = .gitattributes
		.gitignore = .gitignore
		build.ps1 = build.ps1
		editorconfig.txt = editorconfig.txt
		.github\workflows\main.yaml = .github\workflows\main.yaml
		README.md = README.md
	EndProjectSection
EndProject
Global
	GlobalSection(SolutionConfigurationPlatforms) = preSolution
		Debug|Any CPU = Debug|Any CPU
		Release|Any CPU = Release|Any CPU
	EndGlobalSection
	GlobalSection(ProjectConfigurationPlatforms) = postSolution
		{983275FD-2FCA-4A2B-8542-770A0889FF87}.Debug|Any CPU.ActiveCfg = Debug|Any CPU
		{983275FD-2FCA-4A2B-8542-770A0889FF87}.Debug|Any CPU.Build.0 = Debug|Any CPU
		{983275FD-2FCA-4A2B-8542-770A0889FF87}.Release|Any CPU.ActiveCfg = Release|Any CPU
		{983275FD-2FCA-4A2B-8542-770A0889FF87}.Release|Any CPU.Build.0 = Release|Any CPU
	EndGlobalSection
	GlobalSection(SolutionProperties) = preSolution
		HideSolutionNode = FALSE
	EndGlobalSection
	GlobalSection(ExtensibilityGlobals) = postSolution
		SolutionGuid = {6404B6F9-478F-43A8-AF0A-A2D1FE01450E}
	EndGlobalSection
EndGlobal
